
Microsoft Visual Studio Solution File, Format Version 12.00
# Visual Studio Version 17
VisualStudioVersion = 17.10.35013.160
MinimumVisualStudioVersion = 10.0.40219.1
Project("{FAE04EC0-301F-11D3-BF4B-00C04F79EFBC}") = "HMSAppUsingEF", "HMSAppUsingEF.csproj", "{E404CA9F-2FE0-459A-A117-BC57BF409C29}"
EndProject
Global
	GlobalSection(SolutionConfigurationPlatforms) = preSolution
		Debug|Any CPU = Debug|Any CPU
		Release|Any CPU = Release|Any CPU
	EndGlobalSection
	GlobalSection(ProjectConfigurationPlatforms) = postSolution
		{E404CA9F-2FE0-459A-A117-BC57BF409C29}.Debug|Any CPU.ActiveCfg = Debug|Any CPU
		{E404CA9F-2FE0-459A-A117-BC57BF409C29}.Debug|Any CPU.Build.0 = Debug|Any CPU
		{E404CA9F-2FE0-459A-A117-BC57BF409C29}.Release|Any CPU.ActiveCfg = Release|Any CPU
		{E404CA9F-2FE0-459A-A117-BC57BF409C29}.Release|Any CPU.Build.0 = Release|Any CPU
	EndGlobalSection
	GlobalSection(SolutionProperties) = preSolution
		HideSolutionNode = FALSE
	EndGlobalSection
	GlobalSection(ExtensibilityGlobals) = postSolution
		SolutionGuid = {CDB6847D-0EC6-41CB-8003-691B20A85E8A}
	EndGlobalSection
EndGlobal
